
Microsoft Visual Studio Solution File, Format Version 12.00
# Visual Studio 2013
VisualStudioVersion = 12.0.30501.0
MinimumVisualStudioVersion = 10.0.40219.1
Project("{FAE04EC0-301F-11D3-BF4B-00C04F79EFBC}") = "StudentSystem.Models", "StudentSystem.Models\StudentSystem.Models.csproj", "{FAC7D834-CB06-4534-B5B5-AA47EC7CAA13}"
EndProject
Project("{FAE04EC0-301F-11D3-BF4B-00C04F79EFBC}") = "StudentSystem.Data", "StudentSystem.Data\StudentSystem.Data.csproj", "{FC7E7668-D4DB-4F31-A4DC-94650502A19B}"
EndProject
Project("{FAE04EC0-301F-11D3-BF4B-00C04F79EFBC}") = "StudentSystem.ConsoleClient", "StudentSystem.ConsoleClient\StudentSystem.ConsoleClient.csproj", "{611B5C72-757A-451A-AB62-9B03187FA5BD}"
EndProject
Global
	GlobalSection(SolutionConfigurationPlatforms) = preSolution
		Debug|Any CPU = Debug|Any CPU
		Release|Any CPU = Release|Any CPU
	EndGlobalSection
	GlobalSection(ProjectConfigurationPlatforms) = postSolution
		{FAC7D834-CB06-4534-B5B5-AA47EC7CAA13}.Debug|Any CPU.ActiveCfg = Debug|Any CPU
		{FAC7D834-CB06-4534-B5B5-AA47EC7CAA13}.Debug|Any CPU.Build.0 = Debug|Any CPU
		{FAC7D834-CB06-4534-B5B5-AA47EC7CAA13}.Release|Any CPU.ActiveCfg = Release|Any CPU
		{FAC7D834-CB06-4534-B5B5-AA47EC7CAA13}.Release|Any CPU.Build.0 = Release|Any CPU
		{FC7E7668-D4DB-4F31-A4DC-94650502A19B}.Debug|Any CPU.ActiveCfg = Debug|Any CPU
		{FC7E7668-D4DB-4F31-A4DC-94650502A19B}.Debug|Any CPU.Build.0 = Debug|Any CPU
		{FC7E7668-D4DB-4F31-A4DC-94650502A19B}.Release|Any CPU.ActiveCfg = Release|Any CPU
		{FC7E7668-D4DB-4F31-A4DC-94650502A19B}.Release|Any CPU.Build.0 = Release|Any CPU
		{611B5C72-757A-451A-AB62-9B03187FA5BD}.Debug|Any CPU.ActiveCfg = Debug|Any CPU
		{611B5C72-757A-451A-AB62-9B03187FA5BD}.Debug|Any CPU.Build.0 = Debug|Any CPU
		{611B5C72-757A-451A-AB62-9B03187FA5BD}.Release|Any CPU.ActiveCfg = Release|Any CPU
		{611B5C72-757A-451A-AB62-9B03187FA5BD}.Release|Any CPU.Build.0 = Release|Any CPU
	EndGlobalSection
	GlobalSection(SolutionProperties) = preSolution
		HideSolutionNode = FALSE
	EndGlobalSection
EndGlobal
